
Microsoft Visual Studio Solution File, Format Version 10.00
# Visual Studio 2008
Project("{FAE04EC0-301F-11D3-BF4B-00C04F79EFBC}") = "pokemonBattleSimulator", "pokemonBattleSimulator\pokemonBattleSimulator.csproj", "{FB9F00BE-8114-41E5-956B-0857AD6F4270}"
EndProject
Global
	GlobalSection(SolutionConfigurationPlatforms) = preSolution
		Debug|x86 = Debug|x86
		Release|x86 = Release|x86
	EndGlobalSection
	GlobalSection(ProjectConfigurationPlatforms) = postSolution
		{FB9F00BE-8114-41E5-956B-0857AD6F4270}.Debug|x86.ActiveCfg = Debug|x86
		{FB9F00BE-8114-41E5-956B-0857AD6F4270}.Debug|x86.Build.0 = Debug|x86
		{FB9F00BE-8114-41E5-956B-0857AD6F4270}.Release|x86.ActiveCfg = Release|x86
		{FB9F00BE-8114-41E5-956B-0857AD6F4270}.Release|x86.Build.0 = Release|x86
	EndGlobalSection
	GlobalSection(MonoDevelopProperties) = preSolution
		StartupItem = pokemonBattleSimulator\pokemonBattleSimulator.csproj
	EndGlobalSection
EndGlobal
